
Microsoft Visual Studio Solution File, Format Version 12.00
# Visual Studio Version 16
VisualStudioVersion = 16.0.31605.320
MinimumVisualStudioVersion = 10.0.40219.1
Project("{9A19103F-16F7-4668-BE54-9A1E7A4F7556}") = "Piling", "Piling\Piling.csproj", "{3344E075-8153-4639-8AD3-55B803C1C512}"
EndProject
Project("{FAE04EC0-301F-11D3-BF4B-00C04F79EFBC}") = "Pilling.Test", "Pilling.Test\Pilling.Test.csproj", "{2F55354D-B4CE-47FD-8553-752E75CAA531}"
EndProject
Global
	GlobalSection(SolutionConfigurationPlatforms) = preSolution
		Debug|Any CPU = Debug|Any CPU
		Release|Any CPU = Release|Any CPU
	EndGlobalSection
	GlobalSection(ProjectConfigurationPlatforms) = postSolution
		{3344E075-8153-4639-8AD3-55B803C1C512}.Debug|Any CPU.ActiveCfg = Debug|Any CPU
		{3344E075-8153-4639-8AD3-55B803C1C512}.Debug|Any CPU.Build.0 = Debug|Any CPU
		{3344E075-8153-4639-8AD3-55B803C1C512}.Release|Any CPU.ActiveCfg = Release|Any CPU
		{3344E075-8153-4639-8AD3-55B803C1C512}.Release|Any CPU.Build.0 = Release|Any CPU
		{2F55354D-B4CE-47FD-8553-752E75CAA531}.Debug|Any CPU.ActiveCfg = Debug|Any CPU
		{2F55354D-B4CE-47FD-8553-752E75CAA531}.Debug|Any CPU.Build.0 = Debug|Any CPU
		{2F55354D-B4CE-47FD-8553-752E75CAA531}.Release|Any CPU.ActiveCfg = Release|Any CPU
		{2F55354D-B4CE-47FD-8553-752E75CAA531}.Release|Any CPU.Build.0 = Release|Any CPU
	EndGlobalSection
	GlobalSection(SolutionProperties) = preSolution
		HideSolutionNode = FALSE
	EndGlobalSection
	GlobalSection(ExtensibilityGlobals) = postSolution
		SolutionGuid = {68A386A9-4E83-4129-AD30-68EA3ACB067D}
	EndGlobalSection
EndGlobal
